
Microsoft Visual Studio Solution File, Format Version 12.00
# Visual Studio Version 16
VisualStudioVersion = 16.0.30503.244
MinimumVisualStudioVersion = 10.0.40219.1
Project("{FAE04EC0-301F-11D3-BF4B-00C04F79EFBC}") = "laboratornaya3", "laboratornaya3.csproj", "{02BB2AA4-5370-4C0D-88DD-0BB48BBD564D}"
EndProject
Global
	GlobalSection(SolutionConfigurationPlatforms) = preSolution
		Debug|Any CPU = Debug|Any CPU
		Release|Any CPU = Release|Any CPU
	EndGlobalSection
	GlobalSection(ProjectConfigurationPlatforms) = postSolution
		{02BB2AA4-5370-4C0D-88DD-0BB48BBD564D}.Debug|Any CPU.ActiveCfg = Debug|Any CPU
		{02BB2AA4-5370-4C0D-88DD-0BB48BBD564D}.Debug|Any CPU.Build.0 = Debug|Any CPU
		{02BB2AA4-5370-4C0D-88DD-0BB48BBD564D}.Release|Any CPU.ActiveCfg = Release|Any CPU
		{02BB2AA4-5370-4C0D-88DD-0BB48BBD564D}.Release|Any CPU.Build.0 = Release|Any CPU
	EndGlobalSection
	GlobalSection(SolutionProperties) = preSolution
		HideSolutionNode = FALSE
	EndGlobalSection
	GlobalSection(ExtensibilityGlobals) = postSolution
		SolutionGuid = {9AF47592-1C17-48A4-BEF3-1270127309DE}
	EndGlobalSection
EndGlobal
